
Microsoft Visual Studio Solution File, Format Version 12.00
Project("{2150E333-8FDC-42A3-9474-1A3956D46DE8}") = "src", "src", "{827E0CD3-B72D-47B6-A68D-7590B98EB39B}"
EndProject
Project("{FAE04EC0-301F-11D3-BF4B-00C04F79EFBC}") = "WhistleblowerNews.Domain", "src\WhistleblowerNews.Domain\WhistleblowerNews.Domain.csproj", "{AFD82EA6-E002-43C6-AD1F-4ED0F787C15F}"
EndProject
Project("{FAE04EC0-301F-11D3-BF4B-00C04F79EFBC}") = "WhistleblowerNews.Application", "src\WhistleblowerNews.Application\WhistleblowerNews.Application.csproj", "{DEF2B8E7-2D2F-4695-B75D-901739E78D56}"
EndProject
Project("{FAE04EC0-301F-11D3-BF4B-00C04F79EFBC}") = "WhistleblowerNews.Infrastructure", "src\WhistleblowerNews.Infrastructure\WhistleblowerNews.Infrastructure.csproj", "{71A317D1-6AB8-4D97-A9A3-EB610D62FCE7}"
EndProject
Project("{FAE04EC0-301F-11D3-BF4B-00C04F79EFBC}") = "WhistleblowerNews.Web", "src\WhistleblowerNews.Web\WhistleblowerNews.Web.csproj", "{A78C1CF3-4F04-40A5-805D-BBBB9C9C1C3B}"
EndProject
Project("{2150E333-8FDC-42A3-9474-1A3956D46DE8}") = "tests", "tests", "{0AB3BF05-4346-4AA6-1389-037BE0695223}"
EndProject
Project("{FAE04EC0-301F-11D3-BF4B-00C04F79EFBC}") = "WhistleblowerNews.Tests", "tests\WhistleblowerNews.Tests\WhistleblowerNews.Tests.csproj", "{0649B364-A552-4A9A-96E4-47C849DC952A}"
EndProject
Global
	GlobalSection(SolutionConfigurationPlatforms) = preSolution
		Debug|Any CPU = Debug|Any CPU
		Debug|x64 = Debug|x64
		Debug|x86 = Debug|x86
		Release|Any CPU = Release|Any CPU
		Release|x64 = Release|x64
		Release|x86 = Release|x86
	EndGlobalSection
	GlobalSection(ProjectConfigurationPlatforms) = postSolution
		{AFD82EA6-E002-43C6-AD1F-4ED0F787C15F}.Debug|Any CPU.ActiveCfg = Debug|Any CPU
		{AFD82EA6-E002-43C6-AD1F-4ED0F787C15F}.Debug|Any CPU.Build.0 = Debug|Any CPU
		{AFD82EA6-E002-43C6-AD1F-4ED0F787C15F}.Debug|x64.ActiveCfg = Debug|Any CPU
		{AFD82EA6-E002-43C6-AD1F-4ED0F787C15F}.Debug|x64.Build.0 = Debug|Any CPU
		{AFD82EA6-E002-43C6-AD1F-4ED0F787C15F}.Debug|x86.ActiveCfg = Debug|Any CPU
		{AFD82EA6-E002-43C6-AD1F-4ED0F787C15F}.Debug|x86.Build.0 = Debug|Any CPU
		{AFD82EA6-E002-43C6-AD1F-4ED0F787C15F}.Release|Any CPU.ActiveCfg = Release|Any CPU
		{AFD82EA6-E002-43C6-AD1F-4ED0F787C15F}.Release|Any CPU.Build.0 = Release|Any CPU
		{AFD82EA6-E002-43C6-AD1F-4ED0F787C15F}.Release|x64.ActiveCfg = Release|Any CPU
		{AFD82EA6-E002-43C6-AD1F-4ED0F787C15F}.Release|x64.Build.0 = Release|Any CPU
		{AFD82EA6-E002-43C6-AD1F-4ED0F787C15F}.Release|x86.ActiveCfg = Release|Any CPU
		{AFD82EA6-E002-43C6-AD1F-4ED0F787C15F}.Release|x86.Build.0 = Release|Any CPU
		{DEF2B8E7-2D2F-4695-B75D-901739E78D56}.Debug|Any CPU.ActiveCfg = Debug|Any CPU
		{DEF2B8E7-2D2F-4695-B75D-901739E78D56}.Debug|Any CPU.Build.0 = Debug|Any CPU
		{DEF2B8E7-2D2F-4695-B75D-901739E78D56}.Debug|x64.ActiveCfg = Debug|Any CPU
		{DEF2B8E7-2D2F-4695-B75D-901739E78D56}.Debug|x64.Build.0 = Debug|Any CPU
		{DEF2B8E7-2D2F-4695-B75D-901739E78D56}.Debug|x86.ActiveCfg = Debug|Any CPU
		{DEF2B8E7-2D2F-4695-B75D-901739E78D56}.Debug|x86.Build.0 = Debug|Any CPU
		{DEF2B8E7-2D2F-4695-B75D-901739E78D56}.Release|Any CPU.ActiveCfg = Release|Any CPU
		{DEF2B8E7-2D2F-4695-B75D-901739E78D56}.Release|Any CPU.Build.0 = Release|Any CPU
		{DEF2B8E7-2D2F-4695-B75D-901739E78D56}.Release|x64.ActiveCfg = Release|Any CPU
		{DEF2B8E7-2D2F-4695-B75D-901739E78D56}.Release|x64.Build.0 = Release|Any CPU
		{DEF2B8E7-2D2F-4695-B75D-901739E78D56}.Release|x86.ActiveCfg = Release|Any CPU
		{DEF2B8E7-2D2F-4695-B75D-901739E78D56}.Release|x86.Build.0 = Release|Any CPU
		{71A317D1-6AB8-4D97-A9A3-EB610D62FCE7}.Debug|Any CPU.ActiveCfg = Debug|Any CPU
		{71A317D1-6AB8-4D97-A9A3-EB610D62FCE7}.Debug|Any CPU.Build.0 = Debug|Any CPU
		{71A317D1-6AB8-4D97-A9A3-EB610D62FCE7}.Debug|x64.ActiveCfg = Debug|Any CPU
		{71A317D1-6AB8-4D97-A9A3-EB610D62FCE7}.Debug|x64.Build.0 = Debug|Any CPU
		{71A317D1-6AB8-4D97-A9A3-EB610D62FCE7}.Debug|x86.ActiveCfg = Debug|Any CPU
		{71A317D1-6AB8-4D97-A9A3-EB610D62FCE7}.Debug|x86.Build.0 = Debug|Any CPU
		{71A317D1-6AB8-4D97-A9A3-EB610D62FCE7}.Release|Any CPU.ActiveCfg = Release|Any CPU
		{71A317D1-6AB8-4D97-A9A3-EB610D62FCE7}.Release|Any CPU.Build.0 = Release|Any CPU
		{71A317D1-6AB8-4D97-A9A3-EB610D62FCE7}.Release|x64.ActiveCfg = Release|Any CPU
		{71A317D1-6AB8-4D97-A9A3-EB610D62FCE7}.Release|x64.Build.0 = Release|Any CPU
		{71A317D1-6AB8-4D97-A9A3-EB610D62FCE7}.Release|x86.ActiveCfg = Release|Any CPU
		{71A317D1-6AB8-4D97-A9A3-EB610D62FCE7}.Release|x86.Build.0 = Release|Any CPU
		{A78C1CF3-4F04-40A5-805D-BBBB9C9C1C3B}.Debug|Any CPU.ActiveCfg = Debug|Any CPU
		{A78C1CF3-4F04-40A5-805D-BBBB9C9C1C3B}.Debug|Any CPU.Build.0 = Debug|Any CPU
		{A78C1CF3-4F04-40A5-805D-BBBB9C9C1C3B}.Debug|x64.ActiveCfg = Debug|Any CPU
		{A78C1CF3-4F04-40A5-805D-BBBB9C9C1C3B}.Debug|x64.Build.0 = Debug|Any CPU
		{A78C1CF3-4F04-40A5-805D-BBBB9C9C1C3B}.Debug|x86.ActiveCfg = Debug|Any CPU
		{A78C1CF3-4F04-40A5-805D-BBBB9C9C1C3B}.Debug|x86.Build.0 = Debug|Any CPU
		{A78C1CF3-4F04-40A5-805D-BBBB9C9C1C3B}.Release|Any CPU.ActiveCfg = Release|Any CPU
		{A78C1CF3-4F04-40A5-805D-BBBB9C9C1C3B}.Release|Any CPU.Build.0 = Release|Any CPU
		{A78C1CF3-4F04-40A5-805D-BBBB9C9C1C3B}.Release|x64.ActiveCfg = Release|Any CPU
		{A78C1CF3-4F04-40A5-805D-BBBB9C9C1C3B}.Release|x64.Build.0 = Release|Any CPU
		{A78C1CF3-4F04-40A5-805D-BBBB9C9C1C3B}.Release|x86.ActiveCfg = Release|Any CPU
		{A78C1CF3-4F04-40A5-805D-BBBB9C9C1C3B}.Release|x86.Build.0 = Release|Any CPU
		{0649B364-A552-4A9A-96E4-47C849DC952A}.Debug|Any CPU.ActiveCfg = Debug|Any CPU
		{0649B364-A552-4A9A-96E4-47C849DC952A}.Debug|Any CPU.Build.0 = Debug|Any CPU
		{0649B364-A552-4A9A-96E4-47C849DC952A}.Debug|x64.ActiveCfg = Debug|Any CPU
		{0649B364-A552-4A9A-96E4-47C849DC952A}.Debug|x64.Build.0 = Debug|Any CPU
		{0649B364-A552-4A9A-96E4-47C849DC952A}.Debug|x86.ActiveCfg = Debug|Any CPU
		{0649B364-A552-4A9A-96E4-47C849DC952A}.Debug|x86.Build.0 = Debug|Any CPU
		{0649B364-A552-4A9A-96E4-47C849DC952A}.Release|Any CPU.ActiveCfg = Release|Any CPU
		{0649B364-A552-4A9A-96E4-47C849DC952A}.Release|Any CPU.Build.0 = Release|Any CPU
		{0649B364-A552-4A9A-96E4-47C849DC952A}.Release|x64.ActiveCfg = Release|Any CPU
		{0649B364-A552-4A9A-96E4-47C849DC952A}.Release|x64.Build.0 = Release|Any CPU
		{0649B364-A552-4A9A-96E4-47C849DC952A}.Release|x86.ActiveCfg = Release|Any CPU
		{0649B364-A552-4A9A-96E4-47C849DC952A}.Release|x86.Build.0 = Release|Any CPU
	EndGlobalSection
	GlobalSection(SolutionProperties) = preSolution
		HideSolutionNode = FALSE
	EndGlobalSection
	GlobalSection(NestedProjects) = preSolution
		{AFD82EA6-E002-43C6-AD1F-4ED0F787C15F} = {827E0CD3-B72D-47B6-A68D-7590B98EB39B}
		{DEF2B8E7-2D2F-4695-B75D-901739E78D56} = {827E0CD3-B72D-47B6-A68D-7590B98EB39B}
		{71A317D1-6AB8-4D97-A9A3-EB610D62FCE7} = {827E0CD3-B72D-47B6-A68D-7590B98EB39B}
		{A78C1CF3-4F04-40A5-805D-BBBB9C9C1C3B} = {827E0CD3-B72D-47B6-A68D-7590B98EB39B}
		{0649B364-A552-4A9A-96E4-47C849DC952A} = {0AB3BF05-4346-4AA6-1389-037BE0695223}
	EndGlobalSection
EndGlobal
